// !$*UTF8*$!
{
	archiveVersion = 1;
	classes = {
	};
	objectVersion = 56;
	objects = {

/* Begin PBXBuildFile section */
		BE45F34F28DE2551005FD5BC /* DetailMovieViewController.swift in Sources */ = {isa = PBXBuildFile; fileRef = BE45F34D28DE2551005FD5BC /* DetailMovieViewController.swift */; };
		BE45F35228DE2945005FD5BC /* MoviewInteractor.swift in Sources */ = {isa = PBXBuildFile; fileRef = BE45F35128DE2945005FD5BC /* MoviewInteractor.swift */; };
		BE45F35428DE2A0C005FD5BC /* MoviePresenter.swift in Sources */ = {isa = PBXBuildFile; fileRef = BE45F35328DE2A0C005FD5BC /* MoviePresenter.swift */; };
		BE45F35628DE2C32005FD5BC /* GenreCell.xib in Resources */ = {isa = PBXBuildFile; fileRef = BE45F35528DE2C32005FD5BC /* GenreCell.xib */; };
		BE45F35828DE30FF005FD5BC /* DetailMovie.storyboard in Resources */ = {isa = PBXBuildFile; fileRef = BE45F35728DE30FF005FD5BC /* DetailMovie.storyboard */; };
		BE90780F28DDDF7E00FDA10E /* VIPERBuilder.swift in Sources */ = {isa = PBXBuildFile; fileRef = BE90780E28DDDF7E00FDA10E /* VIPERBuilder.swift */; };
		BE90782D28DDE17800FDA10E /* Contracts.swift in Sources */ = {isa = PBXBuildFile; fileRef = BE90782C28DDE17800FDA10E /* Contracts.swift */; };
		BEAB598328DE49BE002899CC /* GenreEntity.swift in Sources */ = {isa = PBXBuildFile; fileRef = BEAB598228DE49BE002899CC /* GenreEntity.swift */; };
		BEAB598628DE5D19002899CC /* SwiftyJSON in Frameworks */ = {isa = PBXBuildFile; productRef = BEAB598528DE5D19002899CC /* SwiftyJSON */; };
		BEAB598A28DE6E22002899CC /* MovieListViewController.swift in Sources */ = {isa = PBXBuildFile; fileRef = BEAB598928DE6E22002899CC /* MovieListViewController.swift */; };
		BEAB598C28DE6E86002899CC /* MovieList.storyboard in Resources */ = {isa = PBXBuildFile; fileRef = BEAB598B28DE6E86002899CC /* MovieList.storyboard */; };
		BED329F328DE0E3C00B15CDA /* MovieRouter.swift in Sources */ = {isa = PBXBuildFile; fileRef = BED329F228DE0E3C00B15CDA /* MovieRouter.swift */; };
		BED329F528DE13EB00B15CDA /* UIViewController+Protocol.swift in Sources */ = {isa = PBXBuildFile; fileRef = BED329F428DE13EB00B15CDA /* UIViewController+Protocol.swift */; };
		BED329FA28DE17DF00B15CDA /* GenreCell.swift in Sources */ = {isa = PBXBuildFile; fileRef = BED329F828DE17DF00B15CDA /* GenreCell.swift */; };
		BED9D71D28DC949E003E7B84 /* AppDelegate.swift in Sources */ = {isa = PBXBuildFile; fileRef = BED9D71C28DC949E003E7B84 /* AppDelegate.swift */; };
		BED9D71F28DC949E003E7B84 /* SceneDelegate.swift in Sources */ = {isa = PBXBuildFile; fileRef = BED9D71E28DC949E003E7B84 /* SceneDelegate.swift */; };
		BED9D72128DC949E003E7B84 /* GenreViewController.swift in Sources */ = {isa = PBXBuildFile; fileRef = BED9D72028DC949E003E7B84 /* GenreViewController.swift */; };
		BED9D72628DC94A0003E7B84 /* Assets.xcassets in Resources */ = {isa = PBXBuildFile; fileRef = BED9D72528DC94A0003E7B84 /* Assets.xcassets */; };
		BED9D72928DC94A0003E7B84 /* LaunchScreen.storyboard in Resources */ = {isa = PBXBuildFile; fileRef = BED9D72728DC94A0003E7B84 /* LaunchScreen.storyboard */; };
		BED9D75128DCEC0B003E7B84 /* NetworkManager.swift in Sources */ = {isa = PBXBuildFile; fileRef = BED9D75028DCEC0B003E7B84 /* NetworkManager.swift */; };
		BED9D75328DCEC1A003E7B84 /* Secrets.swift in Sources */ = {isa = PBXBuildFile; fileRef = BED9D75228DCEC1A003E7B84 /* Secrets.swift */; };
		BED9D75728DD3D1B003E7B84 /* EndPointManager.swift in Sources */ = {isa = PBXBuildFile; fileRef = BED9D75628DD3D1B003E7B84 /* EndPointManager.swift */; };
		BED9D76D28DD9996003E7B84 /* ReviewEntity.swift in Sources */ = {isa = PBXBuildFile; fileRef = BED9D76C28DD9996003E7B84 /* ReviewEntity.swift */; };
		BED9D76F28DD9A60003E7B84 /* MovieEntity.swift in Sources */ = {isa = PBXBuildFile; fileRef = BED9D76E28DD9A60003E7B84 /* MovieEntity.swift */; };
		BED9D77328DDB8C8003E7B84 /* Kingfisher in Frameworks */ = {isa = PBXBuildFile; productRef = BED9D77228DDB8C8003E7B84 /* Kingfisher */; };
/* End PBXBuildFile section */

/* Begin PBXFileReference section */
		BE45F34D28DE2551005FD5BC /* DetailMovieViewController.swift */ = {isa = PBXFileReference; lastKnownFileType = sourcecode.swift; path = DetailMovieViewController.swift; sourceTree = "<group>"; };
		BE45F35128DE2945005FD5BC /* MoviewInteractor.swift */ = {isa = PBXFileReference; lastKnownFileType = sourcecode.swift; path = MoviewInteractor.swift; sourceTree = "<group>"; };
		BE45F35328DE2A0C005FD5BC /* MoviePresenter.swift */ = {isa = PBXFileReference; lastKnownFileType = sourcecode.swift; path = MoviePresenter.swift; sourceTree = "<group>"; };
		BE45F35528DE2C32005FD5BC /* GenreCell.xib */ = {isa = PBXFileReference; fileEncoding = 4; lastKnownFileType = file.xib; path = GenreCell.xib; sourceTree = "<group>"; };
		BE45F35728DE30FF005FD5BC /* DetailMovie.storyboard */ = {isa = PBXFileReference; lastKnownFileType = file.storyboard; path = DetailMovie.storyboard; sourceTree = "<group>"; };
		BE90780E28DDDF7E00FDA10E /* VIPERBuilder.swift */ = {isa = PBXFileReference; lastKnownFileType = sourcecode.swift; path = VIPERBuilder.swift; sourceTree = "<group>"; };
		BE90782C28DDE17800FDA10E /* Contracts.swift */ = {isa = PBXFileReference; lastKnownFileType = sourcecode.swift; path = Contracts.swift; sourceTree = "<group>"; };
		BEAB598228DE49BE002899CC /* GenreEntity.swift */ = {isa = PBXFileReference; lastKnownFileType = sourcecode.swift; path = GenreEntity.swift; sourceTree = "<group>"; };
		BEAB598928DE6E22002899CC /* MovieListViewController.swift */ = {isa = PBXFileReference; lastKnownFileType = sourcecode.swift; path = MovieListViewController.swift; sourceTree = "<group>"; };
		BEAB598B28DE6E86002899CC /* MovieList.storyboard */ = {isa = PBXFileReference; lastKnownFileType = file.storyboard; path = MovieList.storyboard; sourceTree = "<group>"; };
		BED329F228DE0E3C00B15CDA /* MovieRouter.swift */ = {isa = PBXFileReference; lastKnownFileType = sourcecode.swift; path = MovieRouter.swift; sourceTree = "<group>"; };
		BED329F428DE13EB00B15CDA /* UIViewController+Protocol.swift */ = {isa = PBXFileReference; lastKnownFileType = sourcecode.swift; path = "UIViewController+Protocol.swift"; sourceTree = "<group>"; };
		BED329F828DE17DF00B15CDA /* GenreCell.swift */ = {isa = PBXFileReference; lastKnownFileType = sourcecode.swift; path = GenreCell.swift; sourceTree = "<group>"; };
		BED9D71928DC949E003E7B84 /* Movie VIPER.app */ = {isa = PBXFileReference; explicitFileType = wrapper.application; includeInIndex = 0; path = "Movie VIPER.app"; sourceTree = BUILT_PRODUCTS_DIR; };
		BED9D71C28DC949E003E7B84 /* AppDelegate.swift */ = {isa = PBXFileReference; lastKnownFileType = sourcecode.swift; path = AppDelegate.swift; sourceTree = "<group>"; };
		BED9D71E28DC949E003E7B84 /* SceneDelegate.swift */ = {isa = PBXFileReference; lastKnownFileType = sourcecode.swift; path = SceneDelegate.swift; sourceTree = "<group>"; };
		BED9D72028DC949E003E7B84 /* GenreViewController.swift */ = {isa = PBXFileReference; lastKnownFileType = sourcecode.swift; path = GenreViewController.swift; sourceTree = "<group>"; };
		BED9D72528DC94A0003E7B84 /* Assets.xcassets */ = {isa = PBXFileReference; lastKnownFileType = folder.assetcatalog; path = Assets.xcassets; sourceTree = "<group>"; };
		BED9D72828DC94A0003E7B84 /* Base */ = {isa = PBXFileReference; lastKnownFileType = file.storyboard; name = Base; path = Base.lproj/LaunchScreen.storyboard; sourceTree = "<group>"; };
		BED9D72A28DC94A0003E7B84 /* Info.plist */ = {isa = PBXFileReference; lastKnownFileType = text.plist.xml; path = Info.plist; sourceTree = "<group>"; };
		BED9D75028DCEC0B003E7B84 /* NetworkManager.swift */ = {isa = PBXFileReference; lastKnownFileType = sourcecode.swift; path = NetworkManager.swift; sourceTree = "<group>"; };
		BED9D75228DCEC1A003E7B84 /* Secrets.swift */ = {isa = PBXFileReference; lastKnownFileType = sourcecode.swift; path = Secrets.swift; sourceTree = "<group>"; };
		BED9D75628DD3D1B003E7B84 /* EndPointManager.swift */ = {isa = PBXFileReference; lastKnownFileType = sourcecode.swift; path = EndPointManager.swift; sourceTree = "<group>"; };
		BED9D76C28DD9996003E7B84 /* ReviewEntity.swift */ = {isa = PBXFileReference; lastKnownFileType = sourcecode.swift; path = ReviewEntity.swift; sourceTree = "<group>"; };
		BED9D76E28DD9A60003E7B84 /* MovieEntity.swift */ = {isa = PBXFileReference; lastKnownFileType = sourcecode.swift; path = MovieEntity.swift; sourceTree = "<group>"; };
/* End PBXFileReference section */

/* Begin PBXFrameworksBuildPhase section */
		BED9D71628DC949E003E7B84 /* Frameworks */ = {
			isa = PBXFrameworksBuildPhase;
			buildActionMask = 2147483647;
			files = (
				BEAB598628DE5D19002899CC /* SwiftyJSON in Frameworks */,
				BED9D77328DDB8C8003E7B84 /* Kingfisher in Frameworks */,
			);
			runOnlyForDeploymentPostprocessing = 0;
		};
/* End PBXFrameworksBuildPhase section */

/* Begin PBXGroup section */
		BE45F34928DE24D6005FD5BC /* Router */ = {
			isa = PBXGroup;
			children = (
				BED329F228DE0E3C00B15CDA /* MovieRouter.swift */,
			);
			path = Router;
			sourceTree = "<group>";
		};
		BE45F34C28DE251F005FD5BC /* Genre */ = {
			isa = PBXGroup;
			children = (
				BE45F35528DE2C32005FD5BC /* GenreCell.xib */,
				BED9D72028DC949E003E7B84 /* GenreViewController.swift */,
				BED329F828DE17DF00B15CDA /* GenreCell.swift */,
			);
			path = Genre;
			sourceTree = "<group>";
		};
		BE90780D28DDDEE700FDA10E /* Contracts */ = {
			isa = PBXGroup;
			children = (
				BE90782C28DDE17800FDA10E /* Contracts.swift */,
				BED329F428DE13EB00B15CDA /* UIViewController+Protocol.swift */,
			);
			path = Contracts;
			sourceTree = "<group>";
		};
		BED329FC28DE233900B15CDA /* Views */ = {
			isa = PBXGroup;
			children = (
				BE45F34D28DE2551005FD5BC /* DetailMovieViewController.swift */,
				BE45F35728DE30FF005FD5BC /* DetailMovie.storyboard */,
				BEAB598928DE6E22002899CC /* MovieListViewController.swift */,
				BEAB598B28DE6E86002899CC /* MovieList.storyboard */,
				BE45F34C28DE251F005FD5BC /* Genre */,
			);
			path = Views;
			sourceTree = "<group>";
		};
		BED9D71028DC949E003E7B84 = {
			isa = PBXGroup;
			children = (
				BED9D71B28DC949E003E7B84 /* Movie VIPER */,
				BED9D71A28DC949E003E7B84 /* Products */,
			);
			sourceTree = "<group>";
		};
		BED9D71A28DC949E003E7B84 /* Products */ = {
			isa = PBXGroup;
			children = (
				BED9D71928DC949E003E7B84 /* Movie VIPER.app */,
			);
			name = Products;
			sourceTree = "<group>";
		};
		BED9D71B28DC949E003E7B84 /* Movie VIPER */ = {
			isa = PBXGroup;
			children = (
				BED9D71C28DC949E003E7B84 /* AppDelegate.swift */,
				BED9D71E28DC949E003E7B84 /* SceneDelegate.swift */,
				BE90780E28DDDF7E00FDA10E /* VIPERBuilder.swift */,
				BE90780D28DDDEE700FDA10E /* Contracts */,
				BED329FC28DE233900B15CDA /* Views */,
				BE45F35128DE2945005FD5BC /* MoviewInteractor.swift */,
				BE45F35328DE2A0C005FD5BC /* MoviePresenter.swift */,
				BED9D77028DD9EAF003E7B84 /* Entity */,
				BE45F34928DE24D6005FD5BC /* Router */,
				BED9D75828DD3D65003E7B84 /* Services */,
				BED9D75928DD4DAD003E7B84 /* Helpers */,
				BED9D72528DC94A0003E7B84 /* Assets.xcassets */,
				BED9D72728DC94A0003E7B84 /* LaunchScreen.storyboard */,
				BED9D72A28DC94A0003E7B84 /* Info.plist */,
			);
			path = "Movie VIPER";
			sourceTree = "<group>";
		};
		BED9D75828DD3D65003E7B84 /* Services */ = {
			isa = PBXGroup;
			children = (
				BED9D75028DCEC0B003E7B84 /* NetworkManager.swift */,
				BED9D75628DD3D1B003E7B84 /* EndPointManager.swift */,
			);
			path = Services;
			sourceTree = "<group>";
		};
		BED9D75928DD4DAD003E7B84 /* Helpers */ = {
			isa = PBXGroup;
			children = (
				BED9D75228DCEC1A003E7B84 /* Secrets.swift */,
			);
			path = Helpers;
			sourceTree = "<group>";
		};
		BED9D77028DD9EAF003E7B84 /* Entity */ = {
			isa = PBXGroup;
			children = (
				BED9D76C28DD9996003E7B84 /* ReviewEntity.swift */,
				BED9D76E28DD9A60003E7B84 /* MovieEntity.swift */,
				BEAB598228DE49BE002899CC /* GenreEntity.swift */,
			);
			path = Entity;
			sourceTree = "<group>";
		};
/* End PBXGroup section */

/* Begin PBXNativeTarget section */
		BED9D71828DC949E003E7B84 /* Movie VIPER */ = {
			isa = PBXNativeTarget;
			buildConfigurationList = BED9D72D28DC94A0003E7B84 /* Build configuration list for PBXNativeTarget "Movie VIPER" */;
			buildPhases = (
				BED9D71528DC949E003E7B84 /* Sources */,
				BED9D71628DC949E003E7B84 /* Frameworks */,
				BED9D71728DC949E003E7B84 /* Resources */,
			);
			buildRules = (
			);
			dependencies = (
			);
			name = "Movie VIPER";
			packageProductDependencies = (
				BED9D77228DDB8C8003E7B84 /* Kingfisher */,
				BEAB598528DE5D19002899CC /* SwiftyJSON */,
			);
			productName = "Movie VIPER";
			productReference = BED9D71928DC949E003E7B84 /* Movie VIPER.app */;
			productType = "com.apple.product-type.application";
		};
/* End PBXNativeTarget section */

/* Begin PBXProject section */
		BED9D71128DC949E003E7B84 /* Project object */ = {
			isa = PBXProject;
			attributes = {
				BuildIndependentTargetsInParallel = YES;
				LastSwiftUpdateCheck = 1400;
				LastUpgradeCheck = 1400;
				TargetAttributes = {
					BED9D71828DC949E003E7B84 = {
						CreatedOnToolsVersion = 14.0;
					};
				};
			};
			buildConfigurationList = BED9D71428DC949E003E7B84 /* Build configuration list for PBXProject "Movie VIPER" */;
			compatibilityVersion = "Xcode 14.0";
			developmentRegion = en;
			hasScannedForEncodings = 0;
			knownRegions = (
				en,
				Base,
			);
			mainGroup = BED9D71028DC949E003E7B84;
			packageReferences = (
				BED9D77128DDB8C7003E7B84 /* XCRemoteSwiftPackageReference "Kingfisher" */,
				BEAB598428DE5D19002899CC /* XCRemoteSwiftPackageReference "SwiftyJSON" */,
			);
			productRefGroup = BED9D71A28DC949E003E7B84 /* Products */;
			projectDirPath = "";
			projectRoot = "";
			targets = (
				BED9D71828DC949E003E7B84 /* Movie VIPER */,
			);
		};
/* End PBXProject section */

/* Begin PBXResourcesBuildPhase section */
		BED9D71728DC949E003E7B84 /* Resources */ = {
			isa = PBXResourcesBuildPhase;
			buildActionMask = 2147483647;
			files = (
				BED9D72928DC94A0003E7B84 /* LaunchScreen.storyboard in Resources */,
				BED9D72628DC94A0003E7B84 /* Assets.xcassets in Resources */,
				BEAB598C28DE6E86002899CC /* MovieList.storyboard in Resources */,
				BE45F35628DE2C32005FD5BC /* GenreCell.xib in Resources */,
				BE45F35828DE30FF005FD5BC /* DetailMovie.storyboard in Resources */,
			);
			runOnlyForDeploymentPostprocessing = 0;
		};
/* End PBXResourcesBuildPhase section */

/* Begin PBXSourcesBuildPhase section */
		BED9D71528DC949E003E7B84 /* Sources */ = {
			isa = PBXSourcesBuildPhase;
			buildActionMask = 2147483647;
			files = (
				BE90780F28DDDF7E00FDA10E /* VIPERBuilder.swift in Sources */,
				BEAB598328DE49BE002899CC /* GenreEntity.swift in Sources */,
				BED9D75128DCEC0B003E7B84 /* NetworkManager.swift in Sources */,
				BE45F34F28DE2551005FD5BC /* DetailMovieViewController.swift in Sources */,
				BED9D76D28DD9996003E7B84 /* ReviewEntity.swift in Sources */,
				BED9D76F28DD9A60003E7B84 /* MovieEntity.swift in Sources */,
				BED329F528DE13EB00B15CDA /* UIViewController+Protocol.swift in Sources */,
				BED9D75328DCEC1A003E7B84 /* Secrets.swift in Sources */,
				BE45F35428DE2A0C005FD5BC /* MoviePresenter.swift in Sources */,
				BED329F328DE0E3C00B15CDA /* MovieRouter.swift in Sources */,
				BED9D72128DC949E003E7B84 /* GenreViewController.swift in Sources */,
				BED9D71D28DC949E003E7B84 /* AppDelegate.swift in Sources */,
				BE45F35228DE2945005FD5BC /* MoviewInteractor.swift in Sources */,
				BED329FA28DE17DF00B15CDA /* GenreCell.swift in Sources */,
				BE90782D28DDE17800FDA10E /* Contracts.swift in Sources */,
				BEAB598A28DE6E22002899CC /* MovieListViewController.swift in Sources */,
				BED9D75728DD3D1B003E7B84 /* EndPointManager.swift in Sources */,
				BED9D71F28DC949E003E7B84 /* SceneDelegate.swift in Sources */,
			);
			runOnlyForDeploymentPostprocessing = 0;
		};
/* End PBXSourcesBuildPhase section */

/* Begin PBXVariantGroup section */
		BED9D72728DC94A0003E7B84 /* LaunchScreen.storyboard */ = {
			isa = PBXVariantGroup;
			children = (
				BED9D72828DC94A0003E7B84 /* Base */,
			);
			name = LaunchScreen.storyboard;
			sourceTree = "<group>";
		};
/* End PBXVariantGroup section */

/* Begin XCBuildConfiguration section */
		BED9D72B28DC94A0003E7B84 /* Debug */ = {
			isa = XCBuildConfiguration;
			buildSettings = {
				ALWAYS_SEARCH_USER_PATHS = NO;
				CLANG_ANALYZER_NONNULL = YES;
				CLANG_ANALYZER_NUMBER_OBJECT_CONVERSION = YES_AGGRESSIVE;
				CLANG_CXX_LANGUAGE_STANDARD = "gnu++20";
				CLANG_ENABLE_MODULES = YES;
				CLANG_ENABLE_OBJC_ARC = YES;
				CLANG_ENABLE_OBJC_WEAK = YES;
				CLANG_WARN_BLOCK_CAPTURE_AUTORELEASING = YES;
				CLANG_WARN_BOOL_CONVERSION = YES;
				CLANG_WARN_COMMA = YES;
				CLANG_WARN_CONSTANT_CONVERSION = YES;
				CLANG_WARN_DEPRECATED_OBJC_IMPLEMENTATIONS = YES;
				CLANG_WARN_DIRECT_OBJC_ISA_USAGE = YES_ERROR;
				CLANG_WARN_DOCUMENTATION_COMMENTS = YES;
				CLANG_WARN_EMPTY_BODY = YES;
				CLANG_WARN_ENUM_CONVERSION = YES;
				CLANG_WARN_INFINITE_RECURSION = YES;
				CLANG_WARN_INT_CONVERSION = YES;
				CLANG_WARN_NON_LITERAL_NULL_CONVERSION = YES;
				CLANG_WARN_OBJC_IMPLICIT_RETAIN_SELF = YES;
				CLANG_WARN_OBJC_LITERAL_CONVERSION = YES;
				CLANG_WARN_OBJC_ROOT_CLASS = YES_ERROR;
				CLANG_WARN_QUOTED_INCLUDE_IN_FRAMEWORK_HEADER = YES;
				CLANG_WARN_RANGE_LOOP_ANALYSIS = YES;
				CLANG_WARN_STRICT_PROTOTYPES = YES;
				CLANG_WARN_SUSPICIOUS_MOVE = YES;
				CLANG_WARN_UNGUARDED_AVAILABILITY = YES_AGGRESSIVE;
				CLANG_WARN_UNREACHABLE_CODE = YES;
				CLANG_WARN__DUPLICATE_METHOD_MATCH = YES;
				COPY_PHASE_STRIP = NO;
				DEBUG_INFORMATION_FORMAT = dwarf;
				ENABLE_STRICT_OBJC_MSGSEND = YES;
				ENABLE_TESTABILITY = YES;
				GCC_C_LANGUAGE_STANDARD = gnu11;
				GCC_DYNAMIC_NO_PIC = NO;
				GCC_NO_COMMON_BLOCKS = YES;
				GCC_OPTIMIZATION_LEVEL = 0;
				GCC_PREPROCESSOR_DEFINITIONS = (
					"DEBUG=1",
					"$(inherited)",
				);
				GCC_WARN_64_TO_32_BIT_CONVERSION = YES;
				GCC_WARN_ABOUT_RETURN_TYPE = YES_ERROR;
				GCC_WARN_UNDECLARED_SELECTOR = YES;
				GCC_WARN_UNINITIALIZED_AUTOS = YES_AGGRESSIVE;
				GCC_WARN_UNUSED_FUNCTION = YES;
				GCC_WARN_UNUSED_VARIABLE = YES;
				IPHONEOS_DEPLOYMENT_TARGET = 15.0;
				MTL_ENABLE_DEBUG_INFO = INCLUDE_SOURCE;
				MTL_FAST_MATH = YES;
				ONLY_ACTIVE_ARCH = YES;
				SDKROOT = iphoneos;
				SWIFT_ACTIVE_COMPILATION_CONDITIONS = DEBUG;
				SWIFT_OPTIMIZATION_LEVEL = "-Onone";
			};
			name = Debug;
		};
		BED9D72C28DC94A0003E7B84 /* Release */ = {
			isa = XCBuildConfiguration;
			buildSettings = {
				ALWAYS_SEARCH_USER_PATHS = NO;
				CLANG_ANALYZER_NONNULL = YES;
				CLANG_ANALYZER_NUMBER_OBJECT_CONVERSION = YES_AGGRESSIVE;
				CLANG_CXX_LANGUAGE_STANDARD = "gnu++20";
				CLANG_ENABLE_MODULES = YES;
				CLANG_ENABLE_OBJC_ARC = YES;
				CLANG_ENABLE_OBJC_WEAK = YES;
				CLANG_WARN_BLOCK_CAPTURE_AUTORELEASING = YES;
				CLANG_WARN_BOOL_CONVERSION = YES;
				CLANG_WARN_COMMA = YES;
				CLANG_WARN_CONSTANT_CONVERSION = YES;
				CLANG_WARN_DEPRECATED_OBJC_IMPLEMENTATIONS = YES;
				CLANG_WARN_DIRECT_OBJC_ISA_USAGE = YES_ERROR;
				CLANG_WARN_DOCUMENTATION_COMMENTS = YES;
				CLANG_WARN_EMPTY_BODY = YES;
				CLANG_WARN_ENUM_CONVERSION = YES;
				CLANG_WARN_INFINITE_RECURSION = YES;
				CLANG_WARN_INT_CONVERSION = YES;
				CLANG_WARN_NON_LITERAL_NULL_CONVERSION = YES;
				CLANG_WARN_OBJC_IMPLICIT_RETAIN_SELF = YES;
				CLANG_WARN_OBJC_LITERAL_CONVERSION = YES;
				CLANG_WARN_OBJC_ROOT_CLASS = YES_ERROR;
				CLANG_WARN_QUOTED_INCLUDE_IN_FRAMEWORK_HEADER = YES;
				CLANG_WARN_RANGE_LOOP_ANALYSIS = YES;
				CLANG_WARN_STRICT_PROTOTYPES = YES;
				CLANG_WARN_SUSPICIOUS_MOVE = YES;
				CLANG_WARN_UNGUARDED_AVAILABILITY = YES_AGGRESSIVE;
				CLANG_WARN_UNREACHABLE_CODE = YES;
				CLANG_WARN__DUPLICATE_METHOD_MATCH = YES;
				COPY_PHASE_STRIP = NO;
				DEBUG_INFORMATION_FORMAT = "dwarf-with-dsym";
				ENABLE_NS_ASSERTIONS = NO;
				ENABLE_STRICT_OBJC_MSGSEND = YES;
				GCC_C_LANGUAGE_STANDARD = gnu11;
				GCC_NO_COMMON_BLOCKS = YES;
				GCC_WARN_64_TO_32_BIT_CONVERSION = YES;
				GCC_WARN_ABOUT_RETURN_TYPE = YES_ERROR;
				GCC_WARN_UNDECLARED_SELECTOR = YES;
				GCC_WARN_UNINITIALIZED_AUTOS = YES_AGGRESSIVE;
				GCC_WARN_UNUSED_FUNCTION = YES;
				GCC_WARN_UNUSED_VARIABLE = YES;
				IPHONEOS_DEPLOYMENT_TARGET = 15.0;
				MTL_ENABLE_DEBUG_INFO = NO;
				MTL_FAST_MATH = YES;
				SDKROOT = iphoneos;
				SWIFT_COMPILATION_MODE = wholemodule;
				SWIFT_OPTIMIZATION_LEVEL = "-O";
				VALIDATE_PRODUCT = YES;
			};
			name = Release;
		};
		BED9D72E28DC94A0003E7B84 /* Debug */ = {
			isa = XCBuildConfiguration;
			buildSettings = {
				ASSETCATALOG_COMPILER_APPICON_NAME = AppIcon;
				ASSETCATALOG_COMPILER_GLOBAL_ACCENT_COLOR_NAME = AccentColor;
				CODE_SIGN_STYLE = Automatic;
				CURRENT_PROJECT_VERSION = 1;
				DEVELOPMENT_TEAM = 5KR93355T7;
				GENERATE_INFOPLIST_FILE = YES;
				INFOPLIST_FILE = "Movie VIPER/Info.plist";
				INFOPLIST_KEY_UIApplicationSupportsIndirectInputEvents = YES;
				INFOPLIST_KEY_UILaunchStoryboardName = LaunchScreen;
				INFOPLIST_KEY_UISupportedInterfaceOrientations_iPad = "UIInterfaceOrientationPortrait UIInterfaceOrientationPortraitUpsideDown UIInterfaceOrientationLandscapeLeft UIInterfaceOrientationLandscapeRight";
				INFOPLIST_KEY_UISupportedInterfaceOrientations_iPhone = "UIInterfaceOrientationPortrait UIInterfaceOrientationLandscapeLeft UIInterfaceOrientationLandscapeRight";
				LD_RUNPATH_SEARCH_PATHS = (
					"$(inherited)",
					"@executable_path/Frameworks",
				);
				MARKETING_VERSION = 1.0;
				PRODUCT_BUNDLE_IDENTIFIER = "me.gremlinflat.takehome-mandiri.Movie-VIPER";
				PRODUCT_NAME = "$(TARGET_NAME)";
				SWIFT_EMIT_LOC_STRINGS = YES;
				SWIFT_VERSION = 5.0;
				TARGETED_DEVICE_FAMILY = "1,2";
			};
			name = Debug;
		};
		BED9D72F28DC94A0003E7B84 /* Release */ = {
			isa = XCBuildConfiguration;
			buildSettings = {
				ASSETCATALOG_COMPILER_APPICON_NAME = AppIcon;
				ASSETCATALOG_COMPILER_GLOBAL_ACCENT_COLOR_NAME = AccentColor;
				CODE_SIGN_STYLE = Automatic;
				CURRENT_PROJECT_VERSION = 1;
				DEVELOPMENT_TEAM = 5KR93355T7;
				GENERATE_INFOPLIST_FILE = YES;
				INFOPLIST_FILE = "Movie VIPER/Info.plist";
				INFOPLIST_KEY_UIApplicationSupportsIndirectInputEvents = YES;
				INFOPLIST_KEY_UILaunchStoryboardName = LaunchScreen;
				INFOPLIST_KEY_UISupportedInterfaceOrientations_iPad = "UIInterfaceOrientationPortrait UIInterfaceOrientationPortraitUpsideDown UIInterfaceOrientationLandscapeLeft UIInterfaceOrientationLandscapeRight";
				INFOPLIST_KEY_UISupportedInterfaceOrientations_iPhone = "UIInterfaceOrientationPortrait UIInterfaceOrientationLandscapeLeft UIInterfaceOrientationLandscapeRight";
				LD_RUNPATH_SEARCH_PATHS = (
					"$(inherited)",
					"@executable_path/Frameworks",
				);
				MARKETING_VERSION = 1.0;
				PRODUCT_BUNDLE_IDENTIFIER = "me.gremlinflat.takehome-mandiri.Movie-VIPER";
				PRODUCT_NAME = "$(TARGET_NAME)";
				SWIFT_EMIT_LOC_STRINGS = YES;
				SWIFT_VERSION = 5.0;
				TARGETED_DEVICE_FAMILY = "1,2";
			};
			name = Release;
		};
/* End XCBuildConfiguration section */

/* Begin XCConfigurationList section */
		BED9D71428DC949E003E7B84 /* Build configuration list for PBXProject "Movie VIPER" */ = {
			isa = XCConfigurationList;
			buildConfigurations = (
				BED9D72B28DC94A0003E7B84 /* Debug */,
				BED9D72C28DC94A0003E7B84 /* Release */,
			);
			defaultConfigurationIsVisible = 0;
			defaultConfigurationName = Release;
		};
		BED9D72D28DC94A0003E7B84 /* Build configuration list for PBXNativeTarget "Movie VIPER" */ = {
			isa = XCConfigurationList;
			buildConfigurations = (
				BED9D72E28DC94A0003E7B84 /* Debug */,
				BED9D72F28DC94A0003E7B84 /* Release */,
			);
			defaultConfigurationIsVisible = 0;
			defaultConfigurationName = Release;
		};
/* End XCConfigurationList section */

/* Begin XCRemoteSwiftPackageReference section */
		BEAB598428DE5D19002899CC /* XCRemoteSwiftPackageReference "SwiftyJSON" */ = {
			isa = XCRemoteSwiftPackageReference;
			repositoryURL = "https://github.com/SwiftyJSON/SwiftyJSON.git";
			requirement = {
				kind = upToNextMajorVersion;
				minimumVersion = 5.0.0;
			};
		};
		BED9D77128DDB8C7003E7B84 /* XCRemoteSwiftPackageReference "Kingfisher" */ = {
			isa = XCRemoteSwiftPackageReference;
			repositoryURL = "https://github.com/onevcat/Kingfisher.git";
			requirement = {
				kind = upToNextMajorVersion;
				minimumVersion = 7.0.0;
			};
		};
/* End XCRemoteSwiftPackageReference section */

/* Begin XCSwiftPackageProductDependency section */
		BEAB598528DE5D19002899CC /* SwiftyJSON */ = {
			isa = XCSwiftPackageProductDependency;
			package = BEAB598428DE5D19002899CC /* XCRemoteSwiftPackageReference "SwiftyJSON" */;
			productName = SwiftyJSON;
		};
		BED9D77228DDB8C8003E7B84 /* Kingfisher */ = {
			isa = XCSwiftPackageProductDependency;
			package = BED9D77128DDB8C7003E7B84 /* XCRemoteSwiftPackageReference "Kingfisher" */;
			productName = Kingfisher;
		};
/* End XCSwiftPackageProductDependency section */
	};
	rootObject = BED9D71128DC949E003E7B84 /* Project object */;
}
