// !$*UTF8*$!
{
	archiveVersion = 1;
	classes = {
	};
	objectVersion = 56;
	objects = {

/* Begin PBXBuildFile section */
		BED9D71D28DC949E003E7B84 /* AppDelegate.swift in Sources */ = {isa = PBXBuildFile; fileRef = BED9D71C28DC949E003E7B84 /* AppDelegate.swift */; };
		BED9D71F28DC949E003E7B84 /* SceneDelegate.swift in Sources */ = {isa = PBXBuildFile; fileRef = BED9D71E28DC949E003E7B84 /* SceneDelegate.swift */; };
		BED9D72128DC949E003E7B84 /* RootViewController.swift in Sources */ = {isa = PBXBuildFile; fileRef = BED9D72028DC949E003E7B84 /* RootViewController.swift */; };
		BED9D72628DC94A0003E7B84 /* Assets.xcassets in Resources */ = {isa = PBXBuildFile; fileRef = BED9D72528DC94A0003E7B84 /* Assets.xcassets */; };
		BED9D72928DC94A0003E7B84 /* LaunchScreen.storyboard in Resources */ = {isa = PBXBuildFile; fileRef = BED9D72728DC94A0003E7B84 /* LaunchScreen.storyboard */; };
		BED9D75128DCEC0B003E7B84 /* NetworkManager.swift in Sources */ = {isa = PBXBuildFile; fileRef = BED9D75028DCEC0B003E7B84 /* NetworkManager.swift */; };
		BED9D75328DCEC1A003E7B84 /* Secrets.swift in Sources */ = {isa = PBXBuildFile; fileRef = BED9D75228DCEC1A003E7B84 /* Secrets.swift */; };
		BED9D75728DD3D1B003E7B84 /* EndPointManager.swift in Sources */ = {isa = PBXBuildFile; fileRef = BED9D75628DD3D1B003E7B84 /* EndPointManager.swift */; };
		BED9D76B28DD4F9E003E7B84 /* BaseViewProtocol.swift in Sources */ = {isa = PBXBuildFile; fileRef = BED9D76A28DD4F9E003E7B84 /* BaseViewProtocol.swift */; };
		BED9D76D28DD9996003E7B84 /* ReviewEntity.swift in Sources */ = {isa = PBXBuildFile; fileRef = BED9D76C28DD9996003E7B84 /* ReviewEntity.swift */; };
		BED9D76F28DD9A60003E7B84 /* MovieEntity.swift in Sources */ = {isa = PBXBuildFile; fileRef = BED9D76E28DD9A60003E7B84 /* MovieEntity.swift */; };
/* End PBXBuildFile section */

/* Begin PBXFileReference section */
		BED9D71928DC949E003E7B84 /* Movie VIPER.app */ = {isa = PBXFileReference; explicitFileType = wrapper.application; includeInIndex = 0; path = "Movie VIPER.app"; sourceTree = BUILT_PRODUCTS_DIR; };
		BED9D71C28DC949E003E7B84 /* AppDelegate.swift */ = {isa = PBXFileReference; lastKnownFileType = sourcecode.swift; path = AppDelegate.swift; sourceTree = "<group>"; };
		BED9D71E28DC949E003E7B84 /* SceneDelegate.swift */ = {isa = PBXFileReference; lastKnownFileType = sourcecode.swift; path = SceneDelegate.swift; sourceTree = "<group>"; };
		BED9D72028DC949E003E7B84 /* RootViewController.swift */ = {isa = PBXFileReference; lastKnownFileType = sourcecode.swift; path = RootViewController.swift; sourceTree = "<group>"; };
		BED9D72528DC94A0003E7B84 /* Assets.xcassets */ = {isa = PBXFileReference; lastKnownFileType = folder.assetcatalog; path = Assets.xcassets; sourceTree = "<group>"; };
		BED9D72828DC94A0003E7B84 /* Base */ = {isa = PBXFileReference; lastKnownFileType = file.storyboard; name = Base; path = Base.lproj/LaunchScreen.storyboard; sourceTree = "<group>"; };
		BED9D72A28DC94A0003E7B84 /* Info.plist */ = {isa = PBXFileReference; lastKnownFileType = text.plist.xml; path = Info.plist; sourceTree = "<group>"; };
		BED9D75028DCEC0B003E7B84 /* NetworkManager.swift */ = {isa = PBXFileReference; lastKnownFileType = sourcecode.swift; path = NetworkManager.swift; sourceTree = "<group>"; };
		BED9D75228DCEC1A003E7B84 /* Secrets.swift */ = {isa = PBXFileReference; lastKnownFileType = sourcecode.swift; path = Secrets.swift; sourceTree = "<group>"; };
		BED9D75628DD3D1B003E7B84 /* EndPointManager.swift */ = {isa = PBXFileReference; lastKnownFileType = sourcecode.swift; path = EndPointManager.swift; sourceTree = "<group>"; };
		BED9D76A28DD4F9E003E7B84 /* BaseViewProtocol.swift */ = {isa = PBXFileReference; lastKnownFileType = sourcecode.swift; path = BaseViewProtocol.swift; sourceTree = "<group>"; };
		BED9D76C28DD9996003E7B84 /* ReviewEntity.swift */ = {isa = PBXFileReference; lastKnownFileType = sourcecode.swift; path = ReviewEntity.swift; sourceTree = "<group>"; };
		BED9D76E28DD9A60003E7B84 /* MovieEntity.swift */ = {isa = PBXFileReference; lastKnownFileType = sourcecode.swift; path = MovieEntity.swift; sourceTree = "<group>"; };
/* End PBXFileReference section */

/* Begin PBXFrameworksBuildPhase section */
		BED9D71628DC949E003E7B84 /* Frameworks */ = {
			isa = PBXFrameworksBuildPhase;
			buildActionMask = 2147483647;
			files = (
			);
			runOnlyForDeploymentPostprocessing = 0;
		};
/* End PBXFrameworksBuildPhase section */

/* Begin PBXGroup section */
		BED9D71028DC949E003E7B84 = {
			isa = PBXGroup;
			children = (
				BED9D71B28DC949E003E7B84 /* Movie VIPER */,
				BED9D71A28DC949E003E7B84 /* Products */,
			);
			sourceTree = "<group>";
		};
		BED9D71A28DC949E003E7B84 /* Products */ = {
			isa = PBXGroup;
			children = (
				BED9D71928DC949E003E7B84 /* Movie VIPER.app */,
			);
			name = Products;
			sourceTree = "<group>";
		};
		BED9D71B28DC949E003E7B84 /* Movie VIPER */ = {
			isa = PBXGroup;
			children = (
				BED9D71C28DC949E003E7B84 /* AppDelegate.swift */,
				BED9D71E28DC949E003E7B84 /* SceneDelegate.swift */,
				BED9D72028DC949E003E7B84 /* RootViewController.swift */,
				BED9D76A28DD4F9E003E7B84 /* BaseViewProtocol.swift */,
				BED9D77028DD9EAF003E7B84 /* Entity */,
				BED9D75828DD3D65003E7B84 /* Services */,
				BED9D75928DD4DAD003E7B84 /* Helpers */,
				BED9D72528DC94A0003E7B84 /* Assets.xcassets */,
				BED9D72728DC94A0003E7B84 /* LaunchScreen.storyboard */,
				BED9D72A28DC94A0003E7B84 /* Info.plist */,
			);
			path = "Movie VIPER";
			sourceTree = "<group>";
		};
		BED9D75828DD3D65003E7B84 /* Services */ = {
			isa = PBXGroup;
			children = (
				BED9D75028DCEC0B003E7B84 /* NetworkManager.swift */,
				BED9D75628DD3D1B003E7B84 /* EndPointManager.swift */,
			);
			path = Services;
			sourceTree = "<group>";
		};
		BED9D75928DD4DAD003E7B84 /* Helpers */ = {
			isa = PBXGroup;
			children = (
				BED9D75228DCEC1A003E7B84 /* Secrets.swift */,
			);
			path = Helpers;
			sourceTree = "<group>";
		};
		BED9D77028DD9EAF003E7B84 /* Entity */ = {
			isa = PBXGroup;
			children = (
				BED9D76C28DD9996003E7B84 /* ReviewEntity.swift */,
				BED9D76E28DD9A60003E7B84 /* MovieEntity.swift */,
			);
			path = Entity;
			sourceTree = "<group>";
		};
/* End PBXGroup section */

/* Begin PBXNativeTarget section */
		BED9D71828DC949E003E7B84 /* Movie VIPER */ = {
			isa = PBXNativeTarget;
			buildConfigurationList = BED9D72D28DC94A0003E7B84 /* Build configuration list for PBXNativeTarget "Movie VIPER" */;
			buildPhases = (
				BED9D71528DC949E003E7B84 /* Sources */,
				BED9D71628DC949E003E7B84 /* Frameworks */,
				BED9D71728DC949E003E7B84 /* Resources */,
			);
			buildRules = (
			);
			dependencies = (
			);
			name = "Movie VIPER";
			productName = "Movie VIPER";
			productReference = BED9D71928DC949E003E7B84 /* Movie VIPER.app */;
			productType = "com.apple.product-type.application";
		};
/* End PBXNativeTarget section */

/* Begin PBXProject section */
		BED9D71128DC949E003E7B84 /* Project object */ = {
			isa = PBXProject;
			attributes = {
				BuildIndependentTargetsInParallel = YES;
				LastSwiftUpdateCheck = 1400;
				LastUpgradeCheck = 1400;
				TargetAttributes = {
					BED9D71828DC949E003E7B84 = {
						CreatedOnToolsVersion = 14.0;
					};
				};
			};
			buildConfigurationList = BED9D71428DC949E003E7B84 /* Build configuration list for PBXProject "Movie VIPER" */;
			compatibilityVersion = "Xcode 14.0";
			developmentRegion = en;
			hasScannedForEncodings = 0;
			knownRegions = (
				en,
				Base,
			);
			mainGroup = BED9D71028DC949E003E7B84;
			productRefGroup = BED9D71A28DC949E003E7B84 /* Products */;
			projectDirPath = "";
			projectRoot = "";
			targets = (
				BED9D71828DC949E003E7B84 /* Movie VIPER */,
			);
		};
/* End PBXProject section */

/* Begin PBXResourcesBuildPhase section */
		BED9D71728DC949E003E7B84 /* Resources */ = {
			isa = PBXResourcesBuildPhase;
			buildActionMask = 2147483647;
			files = (
				BED9D72928DC94A0003E7B84 /* LaunchScreen.storyboard in Resources */,
				BED9D72628DC94A0003E7B84 /* Assets.xcassets in Resources */,
			);
			runOnlyForDeploymentPostprocessing = 0;
		};
/* End PBXResourcesBuildPhase section */

/* Begin PBXSourcesBuildPhase section */
		BED9D71528DC949E003E7B84 /* Sources */ = {
			isa = PBXSourcesBuildPhase;
			buildActionMask = 2147483647;
			files = (
				BED9D75128DCEC0B003E7B84 /* NetworkManager.swift in Sources */,
				BED9D76D28DD9996003E7B84 /* ReviewEntity.swift in Sources */,
				BED9D76F28DD9A60003E7B84 /* MovieEntity.swift in Sources */,
				BED9D75328DCEC1A003E7B84 /* Secrets.swift in Sources */,
				BED9D72128DC949E003E7B84 /* RootViewController.swift in Sources */,
				BED9D71D28DC949E003E7B84 /* AppDelegate.swift in Sources */,
				BED9D76B28DD4F9E003E7B84 /* BaseViewProtocol.swift in Sources */,
				BED9D75728DD3D1B003E7B84 /* EndPointManager.swift in Sources */,
				BED9D71F28DC949E003E7B84 /* SceneDelegate.swift in Sources */,
			);
			runOnlyForDeploymentPostprocessing = 0;
		};
/* End PBXSourcesBuildPhase section */

/* Begin PBXVariantGroup section */
		BED9D72728DC94A0003E7B84 /* LaunchScreen.storyboard */ = {
			isa = PBXVariantGroup;
			children = (
				BED9D72828DC94A0003E7B84 /* Base */,
			);
			name = LaunchScreen.storyboard;
			sourceTree = "<group>";
		};
/* End PBXVariantGroup section */

/* Begin XCBuildConfiguration section */
		BED9D72B28DC94A0003E7B84 /* Debug */ = {
			isa = XCBuildConfiguration;
			buildSettings = {
				ALWAYS_SEARCH_USER_PATHS = NO;
				CLANG_ANALYZER_NONNULL = YES;
				CLANG_ANALYZER_NUMBER_OBJECT_CONVERSION = YES_AGGRESSIVE;
				CLANG_CXX_LANGUAGE_STANDARD = "gnu++20";
				CLANG_ENABLE_MODULES = YES;
				CLANG_ENABLE_OBJC_ARC = YES;
				CLANG_ENABLE_OBJC_WEAK = YES;
				CLANG_WARN_BLOCK_CAPTURE_AUTORELEASING = YES;
				CLANG_WARN_BOOL_CONVERSION = YES;
				CLANG_WARN_COMMA = YES;
				CLANG_WARN_CONSTANT_CONVERSION = YES;
				CLANG_WARN_DEPRECATED_OBJC_IMPLEMENTATIONS = YES;
				CLANG_WARN_DIRECT_OBJC_ISA_USAGE = YES_ERROR;
				CLANG_WARN_DOCUMENTATION_COMMENTS = YES;
				CLANG_WARN_EMPTY_BODY = YES;
				CLANG_WARN_ENUM_CONVERSION = YES;
				CLANG_WARN_INFINITE_RECURSION = YES;
				CLANG_WARN_INT_CONVERSION = YES;
				CLANG_WARN_NON_LITERAL_NULL_CONVERSION = YES;
				CLANG_WARN_OBJC_IMPLICIT_RETAIN_SELF = YES;
				CLANG_WARN_OBJC_LITERAL_CONVERSION = YES;
				CLANG_WARN_OBJC_ROOT_CLASS = YES_ERROR;
				CLANG_WARN_QUOTED_INCLUDE_IN_FRAMEWORK_HEADER = YES;
				CLANG_WARN_RANGE_LOOP_ANALYSIS = YES;
				CLANG_WARN_STRICT_PROTOTYPES = YES;
				CLANG_WARN_SUSPICIOUS_MOVE = YES;
				CLANG_WARN_UNGUARDED_AVAILABILITY = YES_AGGRESSIVE;
				CLANG_WARN_UNREACHABLE_CODE = YES;
				CLANG_WARN__DUPLICATE_METHOD_MATCH = YES;
				COPY_PHASE_STRIP = NO;
				DEBUG_INFORMATION_FORMAT = dwarf;
				ENABLE_STRICT_OBJC_MSGSEND = YES;
				ENABLE_TESTABILITY = YES;
				GCC_C_LANGUAGE_STANDARD = gnu11;
				GCC_DYNAMIC_NO_PIC = NO;
				GCC_NO_COMMON_BLOCKS = YES;
				GCC_OPTIMIZATION_LEVEL = 0;
				GCC_PREPROCESSOR_DEFINITIONS = (
					"DEBUG=1",
					"$(inherited)",
				);
				GCC_WARN_64_TO_32_BIT_CONVERSION = YES;
				GCC_WARN_ABOUT_RETURN_TYPE = YES_ERROR;
				GCC_WARN_UNDECLARED_SELECTOR = YES;
				GCC_WARN_UNINITIALIZED_AUTOS = YES_AGGRESSIVE;
				GCC_WARN_UNUSED_FUNCTION = YES;
				GCC_WARN_UNUSED_VARIABLE = YES;
				IPHONEOS_DEPLOYMENT_TARGET = 15.0;
				MTL_ENABLE_DEBUG_INFO = INCLUDE_SOURCE;
				MTL_FAST_MATH = YES;
				ONLY_ACTIVE_ARCH = YES;
				SDKROOT = iphoneos;
				SWIFT_ACTIVE_COMPILATION_CONDITIONS = DEBUG;
				SWIFT_OPTIMIZATION_LEVEL = "-Onone";
			};
			name = Debug;
		};
		BED9D72C28DC94A0003E7B84 /* Release */ = {
			isa = XCBuildConfiguration;
			buildSettings = {
				ALWAYS_SEARCH_USER_PATHS = NO;
				CLANG_ANALYZER_NONNULL = YES;
				CLANG_ANALYZER_NUMBER_OBJECT_CONVERSION = YES_AGGRESSIVE;
				CLANG_CXX_LANGUAGE_STANDARD = "gnu++20";
				CLANG_ENABLE_MODULES = YES;
				CLANG_ENABLE_OBJC_ARC = YES;
				CLANG_ENABLE_OBJC_WEAK = YES;
				CLANG_WARN_BLOCK_CAPTURE_AUTORELEASING = YES;
				CLANG_WARN_BOOL_CONVERSION = YES;
				CLANG_WARN_COMMA = YES;
				CLANG_WARN_CONSTANT_CONVERSION = YES;
				CLANG_WARN_DEPRECATED_OBJC_IMPLEMENTATIONS = YES;
				CLANG_WARN_DIRECT_OBJC_ISA_USAGE = YES_ERROR;
				CLANG_WARN_DOCUMENTATION_COMMENTS = YES;
				CLANG_WARN_EMPTY_BODY = YES;
				CLANG_WARN_ENUM_CONVERSION = YES;
				CLANG_WARN_INFINITE_RECURSION = YES;
				CLANG_WARN_INT_CONVERSION = YES;
				CLANG_WARN_NON_LITERAL_NULL_CONVERSION = YES;
				CLANG_WARN_OBJC_IMPLICIT_RETAIN_SELF = YES;
				CLANG_WARN_OBJC_LITERAL_CONVERSION = YES;
				CLANG_WARN_OBJC_ROOT_CLASS = YES_ERROR;
				CLANG_WARN_QUOTED_INCLUDE_IN_FRAMEWORK_HEADER = YES;
				CLANG_WARN_RANGE_LOOP_ANALYSIS = YES;
				CLANG_WARN_STRICT_PROTOTYPES = YES;
				CLANG_WARN_SUSPICIOUS_MOVE = YES;
				CLANG_WARN_UNGUARDED_AVAILABILITY = YES_AGGRESSIVE;
				CLANG_WARN_UNREACHABLE_CODE = YES;
				CLANG_WARN__DUPLICATE_METHOD_MATCH = YES;
				COPY_PHASE_STRIP = NO;
				DEBUG_INFORMATION_FORMAT = "dwarf-with-dsym";
				ENABLE_NS_ASSERTIONS = NO;
				ENABLE_STRICT_OBJC_MSGSEND = YES;
				GCC_C_LANGUAGE_STANDARD = gnu11;
				GCC_NO_COMMON_BLOCKS = YES;
				GCC_WARN_64_TO_32_BIT_CONVERSION = YES;
				GCC_WARN_ABOUT_RETURN_TYPE = YES_ERROR;
				GCC_WARN_UNDECLARED_SELECTOR = YES;
				GCC_WARN_UNINITIALIZED_AUTOS = YES_AGGRESSIVE;
				GCC_WARN_UNUSED_FUNCTION = YES;
				GCC_WARN_UNUSED_VARIABLE = YES;
				IPHONEOS_DEPLOYMENT_TARGET = 15.0;
				MTL_ENABLE_DEBUG_INFO = NO;
				MTL_FAST_MATH = YES;
				SDKROOT = iphoneos;
				SWIFT_COMPILATION_MODE = wholemodule;
				SWIFT_OPTIMIZATION_LEVEL = "-O";
				VALIDATE_PRODUCT = YES;
			};
			name = Release;
		};
		BED9D72E28DC94A0003E7B84 /* Debug */ = {
			isa = XCBuildConfiguration;
			buildSettings = {
				ASSETCATALOG_COMPILER_APPICON_NAME = AppIcon;
				ASSETCATALOG_COMPILER_GLOBAL_ACCENT_COLOR_NAME = AccentColor;
				CODE_SIGN_STYLE = Automatic;
				CURRENT_PROJECT_VERSION = 1;
				DEVELOPMENT_TEAM = 5KR93355T7;
				GENERATE_INFOPLIST_FILE = YES;
				INFOPLIST_FILE = "Movie VIPER/Info.plist";
				INFOPLIST_KEY_UIApplicationSupportsIndirectInputEvents = YES;
				INFOPLIST_KEY_UILaunchStoryboardName = LaunchScreen;
				INFOPLIST_KEY_UISupportedInterfaceOrientations_iPad = "UIInterfaceOrientationPortrait UIInterfaceOrientationPortraitUpsideDown UIInterfaceOrientationLandscapeLeft UIInterfaceOrientationLandscapeRight";
				INFOPLIST_KEY_UISupportedInterfaceOrientations_iPhone = "UIInterfaceOrientationPortrait UIInterfaceOrientationLandscapeLeft UIInterfaceOrientationLandscapeRight";
				LD_RUNPATH_SEARCH_PATHS = (
					"$(inherited)",
					"@executable_path/Frameworks",
				);
				MARKETING_VERSION = 1.0;
				PRODUCT_BUNDLE_IDENTIFIER = "me.gremlinflat.takehome-mandiri.Movie-VIPER";
				PRODUCT_NAME = "$(TARGET_NAME)";
				SWIFT_EMIT_LOC_STRINGS = YES;
				SWIFT_VERSION = 5.0;
				TARGETED_DEVICE_FAMILY = "1,2";
			};
			name = Debug;
		};
		BED9D72F28DC94A0003E7B84 /* Release */ = {
			isa = XCBuildConfiguration;
			buildSettings = {
				ASSETCATALOG_COMPILER_APPICON_NAME = AppIcon;
				ASSETCATALOG_COMPILER_GLOBAL_ACCENT_COLOR_NAME = AccentColor;
				CODE_SIGN_STYLE = Automatic;
				CURRENT_PROJECT_VERSION = 1;
				DEVELOPMENT_TEAM = 5KR93355T7;
				GENERATE_INFOPLIST_FILE = YES;
				INFOPLIST_FILE = "Movie VIPER/Info.plist";
				INFOPLIST_KEY_UIApplicationSupportsIndirectInputEvents = YES;
				INFOPLIST_KEY_UILaunchStoryboardName = LaunchScreen;
				INFOPLIST_KEY_UISupportedInterfaceOrientations_iPad = "UIInterfaceOrientationPortrait UIInterfaceOrientationPortraitUpsideDown UIInterfaceOrientationLandscapeLeft UIInterfaceOrientationLandscapeRight";
				INFOPLIST_KEY_UISupportedInterfaceOrientations_iPhone = "UIInterfaceOrientationPortrait UIInterfaceOrientationLandscapeLeft UIInterfaceOrientationLandscapeRight";
				LD_RUNPATH_SEARCH_PATHS = (
					"$(inherited)",
					"@executable_path/Frameworks",
				);
				MARKETING_VERSION = 1.0;
				PRODUCT_BUNDLE_IDENTIFIER = "me.gremlinflat.takehome-mandiri.Movie-VIPER";
				PRODUCT_NAME = "$(TARGET_NAME)";
				SWIFT_EMIT_LOC_STRINGS = YES;
				SWIFT_VERSION = 5.0;
				TARGETED_DEVICE_FAMILY = "1,2";
			};
			name = Release;
		};
/* End XCBuildConfiguration section */

/* Begin XCConfigurationList section */
		BED9D71428DC949E003E7B84 /* Build configuration list for PBXProject "Movie VIPER" */ = {
			isa = XCConfigurationList;
			buildConfigurations = (
				BED9D72B28DC94A0003E7B84 /* Debug */,
				BED9D72C28DC94A0003E7B84 /* Release */,
			);
			defaultConfigurationIsVisible = 0;
			defaultConfigurationName = Release;
		};
		BED9D72D28DC94A0003E7B84 /* Build configuration list for PBXNativeTarget "Movie VIPER" */ = {
			isa = XCConfigurationList;
			buildConfigurations = (
				BED9D72E28DC94A0003E7B84 /* Debug */,
				BED9D72F28DC94A0003E7B84 /* Release */,
			);
			defaultConfigurationIsVisible = 0;
			defaultConfigurationName = Release;
		};
/* End XCConfigurationList section */
	};
	rootObject = BED9D71128DC949E003E7B84 /* Project object */;
}
